{
    "_readme": [
        "This file locks the dependencies of your project to a known state",
        "Read more about it at https://getcomposer.org/doc/01-basic-usage.md#composer-lock-the-lock-file",
        "This file is @generated automatically"
    ],
    "hash": "1746b0ee66862cd6f37cb2ea5fc03225",
    "content-hash": "2ef588b3060c8a7ceaf90d5a11d82401",
    "packages": [
        {
            "name": "jamierumbelow/codeigniter-base-model",
            "version": "v1.3.0",
            "source": {
                "type": "git",
                "url": "https://github.com/jamierumbelow/codeigniter-base-model.git",
                "reference": "aca1c2361040c05deeab1044b32e2a97508ccd1b"
            },
            "dist": {
                "type": "zip",
                "url": "https://api.github.com/repos/jamierumbelow/codeigniter-base-model/zipball/aca1c2361040c05deeab1044b32e2a97508ccd1b",
                "reference": "aca1c2361040c05deeab1044b32e2a97508ccd1b",
                "shasum": ""
            },
            "require": {
                "php": ">=5.1.6"
            },
            "type": "library",
            "autoload": {
                "classmap": [
                    "core/MY_Model.php"
                ]
            },
            "notification-url": "https://packagist.org/downloads/",
            "license": [
                "MIT"
            ],
            "authors": [
                {
                    "name": "Jamie Rumbelow",
                    "email": "jamie@jamierumbelow.net",
                    "homepage": "http://jamierumbelow.net"
                }
            ],
            "description": "CodeIgniter base CRUD model to remove repetition and increase productivity",
            "homepage": "https://github.com/jamierumbelow/codeigniter-base-model",
            "keywords": [
                "base",
                "codeigniter",
                "crud",
                "model",
                "scaffold"
            ],
            "time": "2012-05-22 22:53:33"
        }
    ],
    "packages-dev": [
        {
            "name": "mikey179/vfsStream",
            "version": "v1.1.0",
            "source": {
                "type": "git",
                "url": "https://github.com/mikey179/vfsStream.git",
                "reference": "fc0fe8f4d0b527254a2dc45f0c265567c881d07e"
            },
            "dist": {
                "type": "zip",
                "url": "https://api.github.com/repos/mikey179/vfsStream/zipball/fc0fe8f4d0b527254a2dc45f0c265567c881d07e",
                "reference": "fc0fe8f4d0b527254a2dc45f0c265567c881d07e",
                "shasum": ""
            },
            "require": {
                "php": ">=5.3.0"
            },
            "type": "library",
            "autoload": {
                "psr-0": {
                    "org\\bovigo\\vfs": "src/main/php"
                }
            },
            "notification-url": "https://packagist.org/downloads/",
            "license": [
                "BSD"
            ],
            "homepage": "http://vfs.bovigo.org/",
            "time": "2012-08-25 12:49:29"
        }
    ],
    "aliases": [],
    "minimum-stability": "stable",
    "stability-flags": [],
    "prefer-stable": false,
    "prefer-lowest": false,
    "platform": {
        "php": ">=5.2.4",
        "ext-mysql": "*"
    },
    "platform-dev": []
}
